
Microsoft Visual Studio Solution File, Format Version 12.00
# Visual Studio Version 17
VisualStudioVersion = 17.8.34511.84
MinimumVisualStudioVersion = 10.0.40219.1
Project("{FAE04EC0-301F-11D3-BF4B-00C04F79EFBC}") = "Condiciones", "Condiciones\Condiciones.csproj", "{ADBB89A7-9B61-4AC8-BBD0-F4D913313031}"
EndProject
Global
	GlobalSection(SolutionConfigurationPlatforms) = preSolution
		Debug|Any CPU = Debug|Any CPU
		Release|Any CPU = Release|Any CPU
	EndGlobalSection
	GlobalSection(ProjectConfigurationPlatforms) = postSolution
		{ADBB89A7-9B61-4AC8-BBD0-F4D913313031}.Debug|Any CPU.ActiveCfg = Debug|Any CPU
		{ADBB89A7-9B61-4AC8-BBD0-F4D913313031}.Debug|Any CPU.Build.0 = Debug|Any CPU
		{ADBB89A7-9B61-4AC8-BBD0-F4D913313031}.Release|Any CPU.ActiveCfg = Release|Any CPU
		{ADBB89A7-9B61-4AC8-BBD0-F4D913313031}.Release|Any CPU.Build.0 = Release|Any CPU
	EndGlobalSection
	GlobalSection(SolutionProperties) = preSolution
		HideSolutionNode = FALSE
	EndGlobalSection
	GlobalSection(ExtensibilityGlobals) = postSolution
		SolutionGuid = {A8EFD80B-B3FE-43AA-9A10-CEA8969BD1DF}
	EndGlobalSection
EndGlobal
